
Microsoft Visual Studio Solution File, Format Version 12.00
# Visual Studio Version 17
VisualStudioVersion = 17.13.35825.156 d17.13
MinimumVisualStudioVersion = 10.0.40219.1
Project("{FAE04EC0-301F-11D3-BF4B-00C04F79EFBC}") = "Prueba", "Prueba\Prueba.csproj", "{043CEAD9-9A3E-4324-9E47-60EA88314E43}"
EndProject
Project("{FAE04EC0-301F-11D3-BF4B-00C04F79EFBC}") = "DAL", "DAL\DAL.csproj", "{96B6EF21-6B2C-4B9A-AF16-242115B98EE4}"
EndProject
Project("{FAE04EC0-301F-11D3-BF4B-00C04F79EFBC}") = "ENTITY", "ENTITY\ENTITY.csproj", "{2044B5EF-B8D7-4C34-BF26-D859F799D5C4}"
EndProject
Global
	GlobalSection(SolutionConfigurationPlatforms) = preSolution
		Debug|Any CPU = Debug|Any CPU
		Release|Any CPU = Release|Any CPU
	EndGlobalSection
	GlobalSection(ProjectConfigurationPlatforms) = postSolution
		{043CEAD9-9A3E-4324-9E47-60EA88314E43}.Debug|Any CPU.ActiveCfg = Debug|Any CPU
		{043CEAD9-9A3E-4324-9E47-60EA88314E43}.Debug|Any CPU.Build.0 = Debug|Any CPU
		{043CEAD9-9A3E-4324-9E47-60EA88314E43}.Release|Any CPU.ActiveCfg = Release|Any CPU
		{043CEAD9-9A3E-4324-9E47-60EA88314E43}.Release|Any CPU.Build.0 = Release|Any CPU
		{96B6EF21-6B2C-4B9A-AF16-242115B98EE4}.Debug|Any CPU.ActiveCfg = Debug|Any CPU
		{96B6EF21-6B2C-4B9A-AF16-242115B98EE4}.Debug|Any CPU.Build.0 = Debug|Any CPU
		{96B6EF21-6B2C-4B9A-AF16-242115B98EE4}.Release|Any CPU.ActiveCfg = Release|Any CPU
		{96B6EF21-6B2C-4B9A-AF16-242115B98EE4}.Release|Any CPU.Build.0 = Release|Any CPU
		{2044B5EF-B8D7-4C34-BF26-D859F799D5C4}.Debug|Any CPU.ActiveCfg = Debug|Any CPU
		{2044B5EF-B8D7-4C34-BF26-D859F799D5C4}.Debug|Any CPU.Build.0 = Debug|Any CPU
		{2044B5EF-B8D7-4C34-BF26-D859F799D5C4}.Release|Any CPU.ActiveCfg = Release|Any CPU
		{2044B5EF-B8D7-4C34-BF26-D859F799D5C4}.Release|Any CPU.Build.0 = Release|Any CPU
	EndGlobalSection
	GlobalSection(SolutionProperties) = preSolution
		HideSolutionNode = FALSE
	EndGlobalSection
	GlobalSection(ExtensibilityGlobals) = postSolution
		SolutionGuid = {80D5105A-905A-44B8-BA5D-1518658B0CA9}
	EndGlobalSection
EndGlobal
